
Microsoft Visual Studio Solution File, Format Version 12.00
# Visual Studio Version 16
VisualStudioVersion = 16.0.31424.327
MinimumVisualStudioVersion = 10.0.40219.1
Project("{8BC9CEB8-8B4A-11D0-8D11-00A0C91BC942}") = "8-30-1", "8-30-1.vcxproj", "{204610CC-04D4-4ECB-BAC1-528C845DF175}"
EndProject
Project("{8BC9CEB8-8B4A-11D0-8D11-00A0C91BC942}") = "8-30-2", "..\8-30-2\8-30-2.vcxproj", "{16BAE25A-62C5-41C2-BF0A-6C9F1C21153E}"
EndProject
Project("{8BC9CEB8-8B4A-11D0-8D11-00A0C91BC942}") = "8-30-3", "..\8-30-3\8-30-3.vcxproj", "{11A79159-32CD-498E-AE31-AB6D85F7DAF9}"
EndProject
Project("{8BC9CEB8-8B4A-11D0-8D11-00A0C91BC942}") = "8-30-4", "..\8-30-4\8-30-4.vcxproj", "{0F8C1FFA-8B21-449A-A2B0-1A468F104D62}"
EndProject
Project("{8BC9CEB8-8B4A-11D0-8D11-00A0C91BC942}") = "8-30-5", "..\8-30-5\8-30-5.vcxproj", "{E2630C37-689D-4F2F-9BAF-D316EC8A2EB6}"
EndProject
Project("{8BC9CEB8-8B4A-11D0-8D11-00A0C91BC942}") = "8-30-6", "..\8-30-6\8-30-6.vcxproj", "{166E5230-D0F4-4458-AC6C-9D6B16EA4A22}"
EndProject
Project("{8BC9CEB8-8B4A-11D0-8D11-00A0C91BC942}") = "8-30-7", "..\8-30-7\8-30-7.vcxproj", "{1969247E-806F-42B1-9122-5D82141605BF}"
EndProject
Project("{8BC9CEB8-8B4A-11D0-8D11-00A0C91BC942}") = "8-30-8", "..\8-30-8\8-30-8.vcxproj", "{AD755C00-ECCD-48B6-98BF-B84DD3249DF8}"
EndProject
Project("{8BC9CEB8-8B4A-11D0-8D11-00A0C91BC942}") = "8-30-9", "..\8-30-9\8-30-9.vcxproj", "{59ED549C-2249-43A6-A1C3-74FCD85D687D}"
EndProject
Project("{8BC9CEB8-8B4A-11D0-8D11-00A0C91BC942}") = "8-30-10", "..\8-30-10\8-30-10.vcxproj", "{98F67A83-5094-45E3-9766-B30D66B06B7B}"
EndProject
Project("{8BC9CEB8-8B4A-11D0-8D11-00A0C91BC942}") = "8-30-11", "..\8-30-11\8-30-11.vcxproj", "{30FE0C9A-4BB8-4D65-8AF7-99EFA4E0A254}"
EndProject
Project("{8BC9CEB8-8B4A-11D0-8D11-00A0C91BC942}") = "8-30-12", "..\8-30-12\8-30-12.vcxproj", "{17309B54-E24E-495D-B0A6-49AB65D9B8D3}"
EndProject
Project("{8BC9CEB8-8B4A-11D0-8D11-00A0C91BC942}") = "8-30-13", "..\8-30-13\8-30-13.vcxproj", "{C9CB7A12-AF34-40BE-A787-F6305394C45E}"
EndProject
Project("{8BC9CEB8-8B4A-11D0-8D11-00A0C91BC942}") = "8-30-14", "..\8-30-14\8-30-14.vcxproj", "{F1A2B320-7148-4C99-B5E4-07B0AE3CC9D4}"
EndProject
Project("{8BC9CEB8-8B4A-11D0-8D11-00A0C91BC942}") = "8-30-15", "..\8-30-15\8-30-15.vcxproj", "{6AAC773A-1884-474F-AFBB-5E197C7A1A12}"
EndProject
Project("{8BC9CEB8-8B4A-11D0-8D11-00A0C91BC942}") = "8-30-16", "..\8-30-16\8-30-16.vcxproj", "{AFE425AE-AD71-447C-A916-4D1789F16532}"
EndProject
Global
	GlobalSection(SolutionConfigurationPlatforms) = preSolution
		Debug|x64 = Debug|x64
		Debug|x86 = Debug|x86
		Release|x64 = Release|x64
		Release|x86 = Release|x86
	EndGlobalSection
	GlobalSection(ProjectConfigurationPlatforms) = postSolution
		{204610CC-04D4-4ECB-BAC1-528C845DF175}.Debug|x64.ActiveCfg = Debug|x64
		{204610CC-04D4-4ECB-BAC1-528C845DF175}.Debug|x64.Build.0 = Debug|x64
		{204610CC-04D4-4ECB-BAC1-528C845DF175}.Debug|x86.ActiveCfg = Debug|Win32
		{204610CC-04D4-4ECB-BAC1-528C845DF175}.Debug|x86.Build.0 = Debug|Win32
		{204610CC-04D4-4ECB-BAC1-528C845DF175}.Release|x64.ActiveCfg = Release|x64
		{204610CC-04D4-4ECB-BAC1-528C845DF175}.Release|x64.Build.0 = Release|x64
		{204610CC-04D4-4ECB-BAC1-528C845DF175}.Release|x86.ActiveCfg = Release|Win32
		{204610CC-04D4-4ECB-BAC1-528C845DF175}.Release|x86.Build.0 = Release|Win32
		{16BAE25A-62C5-41C2-BF0A-6C9F1C21153E}.Debug|x64.ActiveCfg = Debug|x64
		{16BAE25A-62C5-41C2-BF0A-6C9F1C21153E}.Debug|x64.Build.0 = Debug|x64
		{16BAE25A-62C5-41C2-BF0A-6C9F1C21153E}.Debug|x86.ActiveCfg = Debug|Win32
		{16BAE25A-62C5-41C2-BF0A-6C9F1C21153E}.Debug|x86.Build.0 = Debug|Win32
		{16BAE25A-62C5-41C2-BF0A-6C9F1C21153E}.Release|x64.ActiveCfg = Release|x64
		{16BAE25A-62C5-41C2-BF0A-6C9F1C21153E}.Release|x64.Build.0 = Release|x64
		{16BAE25A-62C5-41C2-BF0A-6C9F1C21153E}.Release|x86.ActiveCfg = Release|Win32
		{16BAE25A-62C5-41C2-BF0A-6C9F1C21153E}.Release|x86.Build.0 = Release|Win32
		{11A79159-32CD-498E-AE31-AB6D85F7DAF9}.Debug|x64.ActiveCfg = Debug|x64
		{11A79159-32CD-498E-AE31-AB6D85F7DAF9}.Debug|x64.Build.0 = Debug|x64
		{11A79159-32CD-498E-AE31-AB6D85F7DAF9}.Debug|x86.ActiveCfg = Debug|Win32
		{11A79159-32CD-498E-AE31-AB6D85F7DAF9}.Debug|x86.Build.0 = Debug|Win32
		{11A79159-32CD-498E-AE31-AB6D85F7DAF9}.Release|x64.ActiveCfg = Release|x64
		{11A79159-32CD-498E-AE31-AB6D85F7DAF9}.Release|x64.Build.0 = Release|x64
		{11A79159-32CD-498E-AE31-AB6D85F7DAF9}.Release|x86.ActiveCfg = Release|Win32
		{11A79159-32CD-498E-AE31-AB6D85F7DAF9}.Release|x86.Build.0 = Release|Win32
		{0F8C1FFA-8B21-449A-A2B0-1A468F104D62}.Debug|x64.ActiveCfg = Debug|x64
		{0F8C1FFA-8B21-449A-A2B0-1A468F104D62}.Debug|x64.Build.0 = Debug|x64
		{0F8C1FFA-8B21-449A-A2B0-1A468F104D62}.Debug|x86.ActiveCfg = Debug|Win32
		{0F8C1FFA-8B21-449A-A2B0-1A468F104D62}.Debug|x86.Build.0 = Debug|Win32
		{0F8C1FFA-8B21-449A-A2B0-1A468F104D62}.Release|x64.ActiveCfg = Release|x64
		{0F8C1FFA-8B21-449A-A2B0-1A468F104D62}.Release|x64.Build.0 = Release|x64
		{0F8C1FFA-8B21-449A-A2B0-1A468F104D62}.Release|x86.ActiveCfg = Release|Win32
		{0F8C1FFA-8B21-449A-A2B0-1A468F104D62}.Release|x86.Build.0 = Release|Win32
		{E2630C37-689D-4F2F-9BAF-D316EC8A2EB6}.Debug|x64.ActiveCfg = Debug|x64
		{E2630C37-689D-4F2F-9BAF-D316EC8A2EB6}.Debug|x64.Build.0 = Debug|x64
		{E2630C37-689D-4F2F-9BAF-D316EC8A2EB6}.Debug|x86.ActiveCfg = Debug|Win32
		{E2630C37-689D-4F2F-9BAF-D316EC8A2EB6}.Debug|x86.Build.0 = Debug|Win32
		{E2630C37-689D-4F2F-9BAF-D316EC8A2EB6}.Release|x64.ActiveCfg = Release|x64
		{E2630C37-689D-4F2F-9BAF-D316EC8A2EB6}.Release|x64.Build.0 = Release|x64
		{E2630C37-689D-4F2F-9BAF-D316EC8A2EB6}.Release|x86.ActiveCfg = Release|Win32
		{E2630C37-689D-4F2F-9BAF-D316EC8A2EB6}.Release|x86.Build.0 = Release|Win32
		{166E5230-D0F4-4458-AC6C-9D6B16EA4A22}.Debug|x64.ActiveCfg = Debug|x64
		{166E5230-D0F4-4458-AC6C-9D6B16EA4A22}.Debug|x64.Build.0 = Debug|x64
		{166E5230-D0F4-4458-AC6C-9D6B16EA4A22}.Debug|x86.ActiveCfg = Debug|Win32
		{166E5230-D0F4-4458-AC6C-9D6B16EA4A22}.Debug|x86.Build.0 = Debug|Win32
		{166E5230-D0F4-4458-AC6C-9D6B16EA4A22}.Release|x64.ActiveCfg = Release|x64
		{166E5230-D0F4-4458-AC6C-9D6B16EA4A22}.Release|x64.Build.0 = Release|x64
		{166E5230-D0F4-4458-AC6C-9D6B16EA4A22}.Release|x86.ActiveCfg = Release|Win32
		{166E5230-D0F4-4458-AC6C-9D6B16EA4A22}.Release|x86.Build.0 = Release|Win32
		{1969247E-806F-42B1-9122-5D82141605BF}.Debug|x64.ActiveCfg = Debug|x64
		{1969247E-806F-42B1-9122-5D82141605BF}.Debug|x64.Build.0 = Debug|x64
		{1969247E-806F-42B1-9122-5D82141605BF}.Debug|x86.ActiveCfg = Debug|Win32
		{1969247E-806F-42B1-9122-5D82141605BF}.Debug|x86.Build.0 = Debug|Win32
		{1969247E-806F-42B1-9122-5D82141605BF}.Release|x64.ActiveCfg = Release|x64
		{1969247E-806F-42B1-9122-5D82141605BF}.Release|x64.Build.0 = Release|x64
		{1969247E-806F-42B1-9122-5D82141605BF}.Release|x86.ActiveCfg = Release|Win32
		{1969247E-806F-42B1-9122-5D82141605BF}.Release|x86.Build.0 = Release|Win32
		{AD755C00-ECCD-48B6-98BF-B84DD3249DF8}.Debug|x64.ActiveCfg = Debug|x64
		{AD755C00-ECCD-48B6-98BF-B84DD3249DF8}.Debug|x64.Build.0 = Debug|x64
		{AD755C00-ECCD-48B6-98BF-B84DD3249DF8}.Debug|x86.ActiveCfg = Debug|Win32
		{AD755C00-ECCD-48B6-98BF-B84DD3249DF8}.Debug|x86.Build.0 = Debug|Win32
		{AD755C00-ECCD-48B6-98BF-B84DD3249DF8}.Release|x64.ActiveCfg = Release|x64
		{AD755C00-ECCD-48B6-98BF-B84DD3249DF8}.Release|x64.Build.0 = Release|x64
		{AD755C00-ECCD-48B6-98BF-B84DD3249DF8}.Release|x86.ActiveCfg = Release|Win32
		{AD755C00-ECCD-48B6-98BF-B84DD3249DF8}.Release|x86.Build.0 = Release|Win32
		{59ED549C-2249-43A6-A1C3-74FCD85D687D}.Debug|x64.ActiveCfg = Debug|x64
		{59ED549C-2249-43A6-A1C3-74FCD85D687D}.Debug|x64.Build.0 = Debug|x64
		{59ED549C-2249-43A6-A1C3-74FCD85D687D}.Debug|x86.ActiveCfg = Debug|Win32
		{59ED549C-2249-43A6-A1C3-74FCD85D687D}.Debug|x86.Build.0 = Debug|Win32
		{59ED549C-2249-43A6-A1C3-74FCD85D687D}.Release|x64.ActiveCfg = Release|x64
		{59ED549C-2249-43A6-A1C3-74FCD85D687D}.Release|x64.Build.0 = Release|x64
		{59ED549C-2249-43A6-A1C3-74FCD85D687D}.Release|x86.ActiveCfg = Release|Win32
		{59ED549C-2249-43A6-A1C3-74FCD85D687D}.Release|x86.Build.0 = Release|Win32
		{98F67A83-5094-45E3-9766-B30D66B06B7B}.Debug|x64.ActiveCfg = Debug|x64
		{98F67A83-5094-45E3-9766-B30D66B06B7B}.Debug|x64.Build.0 = Debug|x64
		{98F67A83-5094-45E3-9766-B30D66B06B7B}.Debug|x86.ActiveCfg = Debug|Win32
		{98F67A83-5094-45E3-9766-B30D66B06B7B}.Debug|x86.Build.0 = Debug|Win32
		{98F67A83-5094-45E3-9766-B30D66B06B7B}.Release|x64.ActiveCfg = Release|x64
		{98F67A83-5094-45E3-9766-B30D66B06B7B}.Release|x64.Build.0 = Release|x64
		{98F67A83-5094-45E3-9766-B30D66B06B7B}.Release|x86.ActiveCfg = Release|Win32
		{98F67A83-5094-45E3-9766-B30D66B06B7B}.Release|x86.Build.0 = Release|Win32
		{30FE0C9A-4BB8-4D65-8AF7-99EFA4E0A254}.Debug|x64.ActiveCfg = Debug|x64
		{30FE0C9A-4BB8-4D65-8AF7-99EFA4E0A254}.Debug|x64.Build.0 = Debug|x64
		{30FE0C9A-4BB8-4D65-8AF7-99EFA4E0A254}.Debug|x86.ActiveCfg = Debug|Win32
		{30FE0C9A-4BB8-4D65-8AF7-99EFA4E0A254}.Debug|x86.Build.0 = Debug|Win32
		{30FE0C9A-4BB8-4D65-8AF7-99EFA4E0A254}.Release|x64.ActiveCfg = Release|x64
		{30FE0C9A-4BB8-4D65-8AF7-99EFA4E0A254}.Release|x64.Build.0 = Release|x64
		{30FE0C9A-4BB8-4D65-8AF7-99EFA4E0A254}.Release|x86.ActiveCfg = Release|Win32
		{30FE0C9A-4BB8-4D65-8AF7-99EFA4E0A254}.Release|x86.Build.0 = Release|Win32
		{17309B54-E24E-495D-B0A6-49AB65D9B8D3}.Debug|x64.ActiveCfg = Debug|x64
		{17309B54-E24E-495D-B0A6-49AB65D9B8D3}.Debug|x64.Build.0 = Debug|x64
		{17309B54-E24E-495D-B0A6-49AB65D9B8D3}.Debug|x86.ActiveCfg = Debug|Win32
		{17309B54-E24E-495D-B0A6-49AB65D9B8D3}.Debug|x86.Build.0 = Debug|Win32
		{17309B54-E24E-495D-B0A6-49AB65D9B8D3}.Release|x64.ActiveCfg = Release|x64
		{17309B54-E24E-495D-B0A6-49AB65D9B8D3}.Release|x64.Build.0 = Release|x64
		{17309B54-E24E-495D-B0A6-49AB65D9B8D3}.Release|x86.ActiveCfg = Release|Win32
		{17309B54-E24E-495D-B0A6-49AB65D9B8D3}.Release|x86.Build.0 = Release|Win32
		{C9CB7A12-AF34-40BE-A787-F6305394C45E}.Debug|x64.ActiveCfg = Debug|x64
		{C9CB7A12-AF34-40BE-A787-F6305394C45E}.Debug|x64.Build.0 = Debug|x64
		{C9CB7A12-AF34-40BE-A787-F6305394C45E}.Debug|x86.ActiveCfg = Debug|Win32
		{C9CB7A12-AF34-40BE-A787-F6305394C45E}.Debug|x86.Build.0 = Debug|Win32
		{C9CB7A12-AF34-40BE-A787-F6305394C45E}.Release|x64.ActiveCfg = Release|x64
		{C9CB7A12-AF34-40BE-A787-F6305394C45E}.Release|x64.Build.0 = Release|x64
		{C9CB7A12-AF34-40BE-A787-F6305394C45E}.Release|x86.ActiveCfg = Release|Win32
		{C9CB7A12-AF34-40BE-A787-F6305394C45E}.Release|x86.Build.0 = Release|Win32
		{F1A2B320-7148-4C99-B5E4-07B0AE3CC9D4}.Debug|x64.ActiveCfg = Debug|x64
		{F1A2B320-7148-4C99-B5E4-07B0AE3CC9D4}.Debug|x64.Build.0 = Debug|x64
		{F1A2B320-7148-4C99-B5E4-07B0AE3CC9D4}.Debug|x86.ActiveCfg = Debug|Win32
		{F1A2B320-7148-4C99-B5E4-07B0AE3CC9D4}.Debug|x86.Build.0 = Debug|Win32
		{F1A2B320-7148-4C99-B5E4-07B0AE3CC9D4}.Release|x64.ActiveCfg = Release|x64
		{F1A2B320-7148-4C99-B5E4-07B0AE3CC9D4}.Release|x64.Build.0 = Release|x64
		{F1A2B320-7148-4C99-B5E4-07B0AE3CC9D4}.Release|x86.ActiveCfg = Release|Win32
		{F1A2B320-7148-4C99-B5E4-07B0AE3CC9D4}.Release|x86.Build.0 = Release|Win32
		{6AAC773A-1884-474F-AFBB-5E197C7A1A12}.Debug|x64.ActiveCfg = Debug|x64
		{6AAC773A-1884-474F-AFBB-5E197C7A1A12}.Debug|x64.Build.0 = Debug|x64
		{6AAC773A-1884-474F-AFBB-5E197C7A1A12}.Debug|x86.ActiveCfg = Debug|Win32
		{6AAC773A-1884-474F-AFBB-5E197C7A1A12}.Debug|x86.Build.0 = Debug|Win32
		{6AAC773A-1884-474F-AFBB-5E197C7A1A12}.Release|x64.ActiveCfg = Release|x64
		{6AAC773A-1884-474F-AFBB-5E197C7A1A12}.Release|x64.Build.0 = Release|x64
		{6AAC773A-1884-474F-AFBB-5E197C7A1A12}.Release|x86.ActiveCfg = Release|Win32
		{6AAC773A-1884-474F-AFBB-5E197C7A1A12}.Release|x86.Build.0 = Release|Win32
		{AFE425AE-AD71-447C-A916-4D1789F16532}.Debug|x64.ActiveCfg = Debug|x64
		{AFE425AE-AD71-447C-A916-4D1789F16532}.Debug|x64.Build.0 = Debug|x64
		{AFE425AE-AD71-447C-A916-4D1789F16532}.Debug|x86.ActiveCfg = Debug|Win32
		{AFE425AE-AD71-447C-A916-4D1789F16532}.Debug|x86.Build.0 = Debug|Win32
		{AFE425AE-AD71-447C-A916-4D1789F16532}.Release|x64.ActiveCfg = Release|x64
		{AFE425AE-AD71-447C-A916-4D1789F16532}.Release|x64.Build.0 = Release|x64
		{AFE425AE-AD71-447C-A916-4D1789F16532}.Release|x86.ActiveCfg = Release|Win32
		{AFE425AE-AD71-447C-A916-4D1789F16532}.Release|x86.Build.0 = Release|Win32
	EndGlobalSection
	GlobalSection(SolutionProperties) = preSolution
		HideSolutionNode = FALSE
	EndGlobalSection
	GlobalSection(ExtensibilityGlobals) = postSolution
		SolutionGuid = {A023FAE4-74BD-4176-9B91-8F43855E9388}
	EndGlobalSection
EndGlobal
