
Microsoft Visual Studio Solution File, Format Version 12.00
# Visual Studio Version 16
VisualStudioVersion = 16.0.31424.327
MinimumVisualStudioVersion = 10.0.40219.1
Project("{8BC9CEB8-8B4A-11D0-8D11-00A0C91BC942}") = "8-25", "8-25.vcxproj", "{86790F8F-EC4D-4366-8811-2AEB3F80BE38}"
EndProject
Project("{8BC9CEB8-8B4A-11D0-8D11-00A0C91BC942}") = "8-26", "..\8-26\8-26.vcxproj", "{7087387E-A81C-40A1-BD97-E3CFB1E90D83}"
EndProject
Project("{8BC9CEB8-8B4A-11D0-8D11-00A0C91BC942}") = "8-26-2", "..\8-26-2\8-26-2.vcxproj", "{6FFB3A07-DA86-44AA-8932-34493D14D916}"
EndProject
Project("{8BC9CEB8-8B4A-11D0-8D11-00A0C91BC942}") = "8-26-3", "..\8-26-3\8-26-3.vcxproj", "{016B6A4A-3D40-4DD6-8BC0-F55CD2E01CE8}"
EndProject
Project("{8BC9CEB8-8B4A-11D0-8D11-00A0C91BC942}") = "8-26-4", "..\8-26-4\8-26-4.vcxproj", "{1B558682-9727-4370-8B34-4EE3D67F4746}"
EndProject
Project("{8BC9CEB8-8B4A-11D0-8D11-00A0C91BC942}") = "8-26-5", "..\8-26-5\8-26-5.vcxproj", "{E05E7B31-D053-4FDB-9C59-FF92A6E30A07}"
EndProject
Project("{8BC9CEB8-8B4A-11D0-8D11-00A0C91BC942}") = "8-26-6", "..\8-26-6\8-26-6.vcxproj", "{DB1BFFC7-CE3F-4410-BCEC-9F644D865C36}"
EndProject
Project("{8BC9CEB8-8B4A-11D0-8D11-00A0C91BC942}") = "8-26-7", "..\8-26-7\8-26-7.vcxproj", "{0637654E-E67A-437C-9AB4-378DBB1F6E5F}"
EndProject
Project("{8BC9CEB8-8B4A-11D0-8D11-00A0C91BC942}") = "8-26-8", "..\8-26-8\8-26-8.vcxproj", "{D1B3A340-44CC-43F6-ABB5-440EA6529536}"
EndProject
Project("{8BC9CEB8-8B4A-11D0-8D11-00A0C91BC942}") = "8-26-9", "..\8-26-9\8-26-9.vcxproj", "{14BCC884-718A-400C-B59F-F91F1C9F0837}"
EndProject
Project("{8BC9CEB8-8B4A-11D0-8D11-00A0C91BC942}") = "8-26-10", "..\8-26-10\8-26-10.vcxproj", "{18EE65B0-100D-411B-BE2D-5696C2E599AC}"
EndProject
Project("{8BC9CEB8-8B4A-11D0-8D11-00A0C91BC942}") = "8-26-11", "..\8-26-11\8-26-11.vcxproj", "{10400AA8-39F9-4971-B80A-D80F00923C11}"
EndProject
Project("{8BC9CEB8-8B4A-11D0-8D11-00A0C91BC942}") = "8-26-12", "..\8-26-12\8-26-12.vcxproj", "{4FBF0BB8-4C4A-4B20-AB25-4D84CE20BB4B}"
EndProject
Project("{8BC9CEB8-8B4A-11D0-8D11-00A0C91BC942}") = "8-27-1", "..\8-27-1\8-27-1.vcxproj", "{58BA12C1-CF4B-41B9-AE2A-E4DA6AAE6A4F}"
EndProject
Global
	GlobalSection(SolutionConfigurationPlatforms) = preSolution
		Debug|x64 = Debug|x64
		Debug|x86 = Debug|x86
		Release|x64 = Release|x64
		Release|x86 = Release|x86
	EndGlobalSection
	GlobalSection(ProjectConfigurationPlatforms) = postSolution
		{86790F8F-EC4D-4366-8811-2AEB3F80BE38}.Debug|x64.ActiveCfg = Debug|x64
		{86790F8F-EC4D-4366-8811-2AEB3F80BE38}.Debug|x64.Build.0 = Debug|x64
		{86790F8F-EC4D-4366-8811-2AEB3F80BE38}.Debug|x86.ActiveCfg = Debug|Win32
		{86790F8F-EC4D-4366-8811-2AEB3F80BE38}.Debug|x86.Build.0 = Debug|Win32
		{86790F8F-EC4D-4366-8811-2AEB3F80BE38}.Release|x64.ActiveCfg = Release|x64
		{86790F8F-EC4D-4366-8811-2AEB3F80BE38}.Release|x64.Build.0 = Release|x64
		{86790F8F-EC4D-4366-8811-2AEB3F80BE38}.Release|x86.ActiveCfg = Release|Win32
		{86790F8F-EC4D-4366-8811-2AEB3F80BE38}.Release|x86.Build.0 = Release|Win32
		{7087387E-A81C-40A1-BD97-E3CFB1E90D83}.Debug|x64.ActiveCfg = Debug|x64
		{7087387E-A81C-40A1-BD97-E3CFB1E90D83}.Debug|x64.Build.0 = Debug|x64
		{7087387E-A81C-40A1-BD97-E3CFB1E90D83}.Debug|x86.ActiveCfg = Debug|Win32
		{7087387E-A81C-40A1-BD97-E3CFB1E90D83}.Debug|x86.Build.0 = Debug|Win32
		{7087387E-A81C-40A1-BD97-E3CFB1E90D83}.Release|x64.ActiveCfg = Release|x64
		{7087387E-A81C-40A1-BD97-E3CFB1E90D83}.Release|x64.Build.0 = Release|x64
		{7087387E-A81C-40A1-BD97-E3CFB1E90D83}.Release|x86.ActiveCfg = Release|Win32
		{7087387E-A81C-40A1-BD97-E3CFB1E90D83}.Release|x86.Build.0 = Release|Win32
		{6FFB3A07-DA86-44AA-8932-34493D14D916}.Debug|x64.ActiveCfg = Debug|x64
		{6FFB3A07-DA86-44AA-8932-34493D14D916}.Debug|x64.Build.0 = Debug|x64
		{6FFB3A07-DA86-44AA-8932-34493D14D916}.Debug|x86.ActiveCfg = Debug|Win32
		{6FFB3A07-DA86-44AA-8932-34493D14D916}.Debug|x86.Build.0 = Debug|Win32
		{6FFB3A07-DA86-44AA-8932-34493D14D916}.Release|x64.ActiveCfg = Release|x64
		{6FFB3A07-DA86-44AA-8932-34493D14D916}.Release|x64.Build.0 = Release|x64
		{6FFB3A07-DA86-44AA-8932-34493D14D916}.Release|x86.ActiveCfg = Release|Win32
		{6FFB3A07-DA86-44AA-8932-34493D14D916}.Release|x86.Build.0 = Release|Win32
		{016B6A4A-3D40-4DD6-8BC0-F55CD2E01CE8}.Debug|x64.ActiveCfg = Debug|x64
		{016B6A4A-3D40-4DD6-8BC0-F55CD2E01CE8}.Debug|x64.Build.0 = Debug|x64
		{016B6A4A-3D40-4DD6-8BC0-F55CD2E01CE8}.Debug|x86.ActiveCfg = Debug|Win32
		{016B6A4A-3D40-4DD6-8BC0-F55CD2E01CE8}.Debug|x86.Build.0 = Debug|Win32
		{016B6A4A-3D40-4DD6-8BC0-F55CD2E01CE8}.Release|x64.ActiveCfg = Release|x64
		{016B6A4A-3D40-4DD6-8BC0-F55CD2E01CE8}.Release|x64.Build.0 = Release|x64
		{016B6A4A-3D40-4DD6-8BC0-F55CD2E01CE8}.Release|x86.ActiveCfg = Release|Win32
		{016B6A4A-3D40-4DD6-8BC0-F55CD2E01CE8}.Release|x86.Build.0 = Release|Win32
		{1B558682-9727-4370-8B34-4EE3D67F4746}.Debug|x64.ActiveCfg = Debug|x64
		{1B558682-9727-4370-8B34-4EE3D67F4746}.Debug|x64.Build.0 = Debug|x64
		{1B558682-9727-4370-8B34-4EE3D67F4746}.Debug|x86.ActiveCfg = Debug|Win32
		{1B558682-9727-4370-8B34-4EE3D67F4746}.Debug|x86.Build.0 = Debug|Win32
		{1B558682-9727-4370-8B34-4EE3D67F4746}.Release|x64.ActiveCfg = Release|x64
		{1B558682-9727-4370-8B34-4EE3D67F4746}.Release|x64.Build.0 = Release|x64
		{1B558682-9727-4370-8B34-4EE3D67F4746}.Release|x86.ActiveCfg = Release|Win32
		{1B558682-9727-4370-8B34-4EE3D67F4746}.Release|x86.Build.0 = Release|Win32
		{E05E7B31-D053-4FDB-9C59-FF92A6E30A07}.Debug|x64.ActiveCfg = Debug|x64
		{E05E7B31-D053-4FDB-9C59-FF92A6E30A07}.Debug|x64.Build.0 = Debug|x64
		{E05E7B31-D053-4FDB-9C59-FF92A6E30A07}.Debug|x86.ActiveCfg = Debug|Win32
		{E05E7B31-D053-4FDB-9C59-FF92A6E30A07}.Debug|x86.Build.0 = Debug|Win32
		{E05E7B31-D053-4FDB-9C59-FF92A6E30A07}.Release|x64.ActiveCfg = Release|x64
		{E05E7B31-D053-4FDB-9C59-FF92A6E30A07}.Release|x64.Build.0 = Release|x64
		{E05E7B31-D053-4FDB-9C59-FF92A6E30A07}.Release|x86.ActiveCfg = Release|Win32
		{E05E7B31-D053-4FDB-9C59-FF92A6E30A07}.Release|x86.Build.0 = Release|Win32
		{DB1BFFC7-CE3F-4410-BCEC-9F644D865C36}.Debug|x64.ActiveCfg = Debug|x64
		{DB1BFFC7-CE3F-4410-BCEC-9F644D865C36}.Debug|x64.Build.0 = Debug|x64
		{DB1BFFC7-CE3F-4410-BCEC-9F644D865C36}.Debug|x86.ActiveCfg = Debug|Win32
		{DB1BFFC7-CE3F-4410-BCEC-9F644D865C36}.Debug|x86.Build.0 = Debug|Win32
		{DB1BFFC7-CE3F-4410-BCEC-9F644D865C36}.Release|x64.ActiveCfg = Release|x64
		{DB1BFFC7-CE3F-4410-BCEC-9F644D865C36}.Release|x64.Build.0 = Release|x64
		{DB1BFFC7-CE3F-4410-BCEC-9F644D865C36}.Release|x86.ActiveCfg = Release|Win32
		{DB1BFFC7-CE3F-4410-BCEC-9F644D865C36}.Release|x86.Build.0 = Release|Win32
		{0637654E-E67A-437C-9AB4-378DBB1F6E5F}.Debug|x64.ActiveCfg = Debug|x64
		{0637654E-E67A-437C-9AB4-378DBB1F6E5F}.Debug|x64.Build.0 = Debug|x64
		{0637654E-E67A-437C-9AB4-378DBB1F6E5F}.Debug|x86.ActiveCfg = Debug|Win32
		{0637654E-E67A-437C-9AB4-378DBB1F6E5F}.Debug|x86.Build.0 = Debug|Win32
		{0637654E-E67A-437C-9AB4-378DBB1F6E5F}.Release|x64.ActiveCfg = Release|x64
		{0637654E-E67A-437C-9AB4-378DBB1F6E5F}.Release|x64.Build.0 = Release|x64
		{0637654E-E67A-437C-9AB4-378DBB1F6E5F}.Release|x86.ActiveCfg = Release|Win32
		{0637654E-E67A-437C-9AB4-378DBB1F6E5F}.Release|x86.Build.0 = Release|Win32
		{D1B3A340-44CC-43F6-ABB5-440EA6529536}.Debug|x64.ActiveCfg = Debug|x64
		{D1B3A340-44CC-43F6-ABB5-440EA6529536}.Debug|x64.Build.0 = Debug|x64
		{D1B3A340-44CC-43F6-ABB5-440EA6529536}.Debug|x86.ActiveCfg = Debug|Win32
		{D1B3A340-44CC-43F6-ABB5-440EA6529536}.Debug|x86.Build.0 = Debug|Win32
		{D1B3A340-44CC-43F6-ABB5-440EA6529536}.Release|x64.ActiveCfg = Release|x64
		{D1B3A340-44CC-43F6-ABB5-440EA6529536}.Release|x64.Build.0 = Release|x64
		{D1B3A340-44CC-43F6-ABB5-440EA6529536}.Release|x86.ActiveCfg = Release|Win32
		{D1B3A340-44CC-43F6-ABB5-440EA6529536}.Release|x86.Build.0 = Release|Win32
		{14BCC884-718A-400C-B59F-F91F1C9F0837}.Debug|x64.ActiveCfg = Debug|x64
		{14BCC884-718A-400C-B59F-F91F1C9F0837}.Debug|x64.Build.0 = Debug|x64
		{14BCC884-718A-400C-B59F-F91F1C9F0837}.Debug|x86.ActiveCfg = Debug|Win32
		{14BCC884-718A-400C-B59F-F91F1C9F0837}.Debug|x86.Build.0 = Debug|Win32
		{14BCC884-718A-400C-B59F-F91F1C9F0837}.Release|x64.ActiveCfg = Release|x64
		{14BCC884-718A-400C-B59F-F91F1C9F0837}.Release|x64.Build.0 = Release|x64
		{14BCC884-718A-400C-B59F-F91F1C9F0837}.Release|x86.ActiveCfg = Release|Win32
		{14BCC884-718A-400C-B59F-F91F1C9F0837}.Release|x86.Build.0 = Release|Win32
		{18EE65B0-100D-411B-BE2D-5696C2E599AC}.Debug|x64.ActiveCfg = Debug|x64
		{18EE65B0-100D-411B-BE2D-5696C2E599AC}.Debug|x64.Build.0 = Debug|x64
		{18EE65B0-100D-411B-BE2D-5696C2E599AC}.Debug|x86.ActiveCfg = Debug|Win32
		{18EE65B0-100D-411B-BE2D-5696C2E599AC}.Debug|x86.Build.0 = Debug|Win32
		{18EE65B0-100D-411B-BE2D-5696C2E599AC}.Release|x64.ActiveCfg = Release|x64
		{18EE65B0-100D-411B-BE2D-5696C2E599AC}.Release|x64.Build.0 = Release|x64
		{18EE65B0-100D-411B-BE2D-5696C2E599AC}.Release|x86.ActiveCfg = Release|Win32
		{18EE65B0-100D-411B-BE2D-5696C2E599AC}.Release|x86.Build.0 = Release|Win32
		{10400AA8-39F9-4971-B80A-D80F00923C11}.Debug|x64.ActiveCfg = Debug|x64
		{10400AA8-39F9-4971-B80A-D80F00923C11}.Debug|x64.Build.0 = Debug|x64
		{10400AA8-39F9-4971-B80A-D80F00923C11}.Debug|x86.ActiveCfg = Debug|Win32
		{10400AA8-39F9-4971-B80A-D80F00923C11}.Debug|x86.Build.0 = Debug|Win32
		{10400AA8-39F9-4971-B80A-D80F00923C11}.Release|x64.ActiveCfg = Release|x64
		{10400AA8-39F9-4971-B80A-D80F00923C11}.Release|x64.Build.0 = Release|x64
		{10400AA8-39F9-4971-B80A-D80F00923C11}.Release|x86.ActiveCfg = Release|Win32
		{10400AA8-39F9-4971-B80A-D80F00923C11}.Release|x86.Build.0 = Release|Win32
		{4FBF0BB8-4C4A-4B20-AB25-4D84CE20BB4B}.Debug|x64.ActiveCfg = Debug|x64
		{4FBF0BB8-4C4A-4B20-AB25-4D84CE20BB4B}.Debug|x64.Build.0 = Debug|x64
		{4FBF0BB8-4C4A-4B20-AB25-4D84CE20BB4B}.Debug|x86.ActiveCfg = Debug|Win32
		{4FBF0BB8-4C4A-4B20-AB25-4D84CE20BB4B}.Debug|x86.Build.0 = Debug|Win32
		{4FBF0BB8-4C4A-4B20-AB25-4D84CE20BB4B}.Release|x64.ActiveCfg = Release|x64
		{4FBF0BB8-4C4A-4B20-AB25-4D84CE20BB4B}.Release|x64.Build.0 = Release|x64
		{4FBF0BB8-4C4A-4B20-AB25-4D84CE20BB4B}.Release|x86.ActiveCfg = Release|Win32
		{4FBF0BB8-4C4A-4B20-AB25-4D84CE20BB4B}.Release|x86.Build.0 = Release|Win32
		{58BA12C1-CF4B-41B9-AE2A-E4DA6AAE6A4F}.Debug|x64.ActiveCfg = Debug|x64
		{58BA12C1-CF4B-41B9-AE2A-E4DA6AAE6A4F}.Debug|x64.Build.0 = Debug|x64
		{58BA12C1-CF4B-41B9-AE2A-E4DA6AAE6A4F}.Debug|x86.ActiveCfg = Debug|Win32
		{58BA12C1-CF4B-41B9-AE2A-E4DA6AAE6A4F}.Debug|x86.Build.0 = Debug|Win32
		{58BA12C1-CF4B-41B9-AE2A-E4DA6AAE6A4F}.Release|x64.ActiveCfg = Release|x64
		{58BA12C1-CF4B-41B9-AE2A-E4DA6AAE6A4F}.Release|x64.Build.0 = Release|x64
		{58BA12C1-CF4B-41B9-AE2A-E4DA6AAE6A4F}.Release|x86.ActiveCfg = Release|Win32
		{58BA12C1-CF4B-41B9-AE2A-E4DA6AAE6A4F}.Release|x86.Build.0 = Release|Win32
	EndGlobalSection
	GlobalSection(SolutionProperties) = preSolution
		HideSolutionNode = FALSE
	EndGlobalSection
	GlobalSection(ExtensibilityGlobals) = postSolution
		SolutionGuid = {BAB2CCE5-EDA1-4748-86FA-C5D096C44B7B}
	EndGlobalSection
EndGlobal
